
Microsoft Visual Studio Solution File, Format Version 12.00
# Visual Studio 15
VisualStudioVersion = 15.0.27428.2027
MinimumVisualStudioVersion = 10.0.40219.1
Project("{FAE04EC0-301F-11D3-BF4B-00C04F79EFBC}") = "EvenNumberThread", "EvenNumberThread\EvenNumberThread.csproj", "{C33652EF-C338-4AE3-AE5D-4F452BA347FC}"
EndProject
Project("{FAE04EC0-301F-11D3-BF4B-00C04F79EFBC}") = "SliceFile", "SliceFile\SliceFile.csproj", "{C75C788F-B796-4AD2-90F2-5B77F968FD3A}"
EndProject
Global
	GlobalSection(SolutionConfigurationPlatforms) = preSolution
		Debug|Any CPU = Debug|Any CPU
		Release|Any CPU = Release|Any CPU
	EndGlobalSection
	GlobalSection(ProjectConfigurationPlatforms) = postSolution
		{C33652EF-C338-4AE3-AE5D-4F452BA347FC}.Debug|Any CPU.ActiveCfg = Debug|Any CPU
		{C33652EF-C338-4AE3-AE5D-4F452BA347FC}.Debug|Any CPU.Build.0 = Debug|Any CPU
		{C33652EF-C338-4AE3-AE5D-4F452BA347FC}.Release|Any CPU.ActiveCfg = Release|Any CPU
		{C33652EF-C338-4AE3-AE5D-4F452BA347FC}.Release|Any CPU.Build.0 = Release|Any CPU
		{C75C788F-B796-4AD2-90F2-5B77F968FD3A}.Debug|Any CPU.ActiveCfg = Debug|Any CPU
		{C75C788F-B796-4AD2-90F2-5B77F968FD3A}.Debug|Any CPU.Build.0 = Debug|Any CPU
		{C75C788F-B796-4AD2-90F2-5B77F968FD3A}.Release|Any CPU.ActiveCfg = Release|Any CPU
		{C75C788F-B796-4AD2-90F2-5B77F968FD3A}.Release|Any CPU.Build.0 = Release|Any CPU
	EndGlobalSection
	GlobalSection(SolutionProperties) = preSolution
		HideSolutionNode = FALSE
	EndGlobalSection
	GlobalSection(ExtensibilityGlobals) = postSolution
		SolutionGuid = {5B7F3340-47BC-492D-9F6F-E6011572F04E}
	EndGlobalSection
EndGlobal
